
Microsoft Visual Studio Solution File, Format Version 12.00
# Visual Studio 2012
Project("{8BC9CEB8-8B4A-11D0-8D11-00A0C91BC942}") = "G3", "G3\G3.vcxproj", "{B5369EAA-CFE5-4B47-BB34-4D272ACF4C40}"
EndProject
Project("{8BC9CEB8-8B4A-11D0-8D11-00A0C91BC942}") = "Database", "Database\Database.vcxproj", "{A6C875BE-D849-49A6-ABE5-A06EF9793A87}"
EndProject
Project("{8BC9CEB8-8B4A-11D0-8D11-00A0C91BC942}") = "G3-DLL", "G3-DLL\G3-DLL.vcxproj", "{003A4208-450F-461A-AE08-B73AD95FE5CB}"
EndProject
Global
	GlobalSection(SolutionConfigurationPlatforms) = preSolution
		Debug|Mixed Platforms = Debug|Mixed Platforms
		Debug|Win32 = Debug|Win32
		Debug|x64 = Debug|x64
		Debug|x86 = Debug|x86
		Release|Mixed Platforms = Release|Mixed Platforms
		Release|Win32 = Release|Win32
		Release|x64 = Release|x64
		Release|x86 = Release|x86
	EndGlobalSection
	GlobalSection(ProjectConfigurationPlatforms) = postSolution
		{B5369EAA-CFE5-4B47-BB34-4D272ACF4C40}.Debug|Mixed Platforms.ActiveCfg = Debug|Win32
		{B5369EAA-CFE5-4B47-BB34-4D272ACF4C40}.Debug|Mixed Platforms.Build.0 = Debug|Win32
		{B5369EAA-CFE5-4B47-BB34-4D272ACF4C40}.Debug|Win32.ActiveCfg = Debug|Win32
		{B5369EAA-CFE5-4B47-BB34-4D272ACF4C40}.Debug|Win32.Build.0 = Debug|Win32
		{B5369EAA-CFE5-4B47-BB34-4D272ACF4C40}.Debug|x64.ActiveCfg = Debug|x64
		{B5369EAA-CFE5-4B47-BB34-4D272ACF4C40}.Debug|x64.Build.0 = Debug|x64
		{B5369EAA-CFE5-4B47-BB34-4D272ACF4C40}.Debug|x86.ActiveCfg = Debug|Win32
		{B5369EAA-CFE5-4B47-BB34-4D272ACF4C40}.Debug|x86.Build.0 = Debug|Win32
		{B5369EAA-CFE5-4B47-BB34-4D272ACF4C40}.Release|Mixed Platforms.ActiveCfg = Release|Win32
		{B5369EAA-CFE5-4B47-BB34-4D272ACF4C40}.Release|Mixed Platforms.Build.0 = Release|Win32
		{B5369EAA-CFE5-4B47-BB34-4D272ACF4C40}.Release|Win32.ActiveCfg = Release|Win32
		{B5369EAA-CFE5-4B47-BB34-4D272ACF4C40}.Release|Win32.Build.0 = Release|Win32
		{B5369EAA-CFE5-4B47-BB34-4D272ACF4C40}.Release|x64.ActiveCfg = Release|x64
		{B5369EAA-CFE5-4B47-BB34-4D272ACF4C40}.Release|x64.Build.0 = Release|x64
		{B5369EAA-CFE5-4B47-BB34-4D272ACF4C40}.Release|x86.ActiveCfg = Release|Win32
		{B5369EAA-CFE5-4B47-BB34-4D272ACF4C40}.Release|x86.Build.0 = Release|Win32
		{A6C875BE-D849-49A6-ABE5-A06EF9793A87}.Debug|Mixed Platforms.ActiveCfg = Debug|Win32
		{A6C875BE-D849-49A6-ABE5-A06EF9793A87}.Debug|Mixed Platforms.Build.0 = Debug|Win32
		{A6C875BE-D849-49A6-ABE5-A06EF9793A87}.Debug|Win32.ActiveCfg = Debug|Win32
		{A6C875BE-D849-49A6-ABE5-A06EF9793A87}.Debug|Win32.Build.0 = Debug|Win32
		{A6C875BE-D849-49A6-ABE5-A06EF9793A87}.Debug|x64.ActiveCfg = Debug|x64
		{A6C875BE-D849-49A6-ABE5-A06EF9793A87}.Debug|x64.Build.0 = Debug|x64
		{A6C875BE-D849-49A6-ABE5-A06EF9793A87}.Debug|x86.ActiveCfg = Debug|Win32
		{A6C875BE-D849-49A6-ABE5-A06EF9793A87}.Debug|x86.Build.0 = Debug|Win32
		{A6C875BE-D849-49A6-ABE5-A06EF9793A87}.Release|Mixed Platforms.ActiveCfg = Release|Win32
		{A6C875BE-D849-49A6-ABE5-A06EF9793A87}.Release|Mixed Platforms.Build.0 = Release|Win32
		{A6C875BE-D849-49A6-ABE5-A06EF9793A87}.Release|Win32.ActiveCfg = Release|Win32
		{A6C875BE-D849-49A6-ABE5-A06EF9793A87}.Release|Win32.Build.0 = Release|Win32
		{A6C875BE-D849-49A6-ABE5-A06EF9793A87}.Release|x64.ActiveCfg = Release|x64
		{A6C875BE-D849-49A6-ABE5-A06EF9793A87}.Release|x64.Build.0 = Release|x64
		{A6C875BE-D849-49A6-ABE5-A06EF9793A87}.Release|x86.ActiveCfg = Release|Win32
		{A6C875BE-D849-49A6-ABE5-A06EF9793A87}.Release|x86.Build.0 = Release|Win32
		{003A4208-450F-461A-AE08-B73AD95FE5CB}.Debug|Mixed Platforms.ActiveCfg = Debug|Win32
		{003A4208-450F-461A-AE08-B73AD95FE5CB}.Debug|Mixed Platforms.Build.0 = Debug|Win32
		{003A4208-450F-461A-AE08-B73AD95FE5CB}.Debug|Win32.ActiveCfg = Debug|Win32
		{003A4208-450F-461A-AE08-B73AD95FE5CB}.Debug|Win32.Build.0 = Debug|Win32
		{003A4208-450F-461A-AE08-B73AD95FE5CB}.Debug|x64.ActiveCfg = Debug|Win32
		{003A4208-450F-461A-AE08-B73AD95FE5CB}.Debug|x86.ActiveCfg = Debug|Win32
		{003A4208-450F-461A-AE08-B73AD95FE5CB}.Debug|x86.Build.0 = Debug|Win32
		{003A4208-450F-461A-AE08-B73AD95FE5CB}.Release|Mixed Platforms.ActiveCfg = Release|Win32
		{003A4208-450F-461A-AE08-B73AD95FE5CB}.Release|Mixed Platforms.Build.0 = Release|Win32
		{003A4208-450F-461A-AE08-B73AD95FE5CB}.Release|Win32.ActiveCfg = Release|Win32
		{003A4208-450F-461A-AE08-B73AD95FE5CB}.Release|Win32.Build.0 = Release|Win32
		{003A4208-450F-461A-AE08-B73AD95FE5CB}.Release|x64.ActiveCfg = Release|Win32
		{003A4208-450F-461A-AE08-B73AD95FE5CB}.Release|x86.ActiveCfg = Release|Win32
		{003A4208-450F-461A-AE08-B73AD95FE5CB}.Release|x86.Build.0 = Release|Win32
	EndGlobalSection
	GlobalSection(SolutionProperties) = preSolution
		HideSolutionNode = FALSE
	EndGlobalSection
EndGlobal
